
Microsoft Visual Studio Solution File, Format Version 12.00
# Visual Studio Version 16
VisualStudioVersion = 16.0.28729.10
MinimumVisualStudioVersion = 10.0.40219.1
Project("{FAE04EC0-301F-11D3-BF4B-00C04F79EFBC}") = "RandomItemsGenerator", "RandomItemsGenerator\RandomItemsGenerator.csproj", "{9915DF25-40EF-425B-9F6A-92F603C7B775}"
EndProject
Project("{FAE04EC0-301F-11D3-BF4B-00C04F79EFBC}") = "UnitTestRandomItemsGenerator", "UnitTestRandomItemsGenerator\UnitTestRandomItemsGenerator.csproj", "{1ECFE2DE-64A2-4734-94E5-0BA249A5657E}"
EndProject
Global
	GlobalSection(SolutionConfigurationPlatforms) = preSolution
		Debug|Any CPU = Debug|Any CPU
		Release|Any CPU = Release|Any CPU
	EndGlobalSection
	GlobalSection(ProjectConfigurationPlatforms) = postSolution
		{9915DF25-40EF-425B-9F6A-92F603C7B775}.Debug|Any CPU.ActiveCfg = Debug|Any CPU
		{9915DF25-40EF-425B-9F6A-92F603C7B775}.Debug|Any CPU.Build.0 = Debug|Any CPU
		{9915DF25-40EF-425B-9F6A-92F603C7B775}.Release|Any CPU.ActiveCfg = Release|Any CPU
		{9915DF25-40EF-425B-9F6A-92F603C7B775}.Release|Any CPU.Build.0 = Release|Any CPU
		{1ECFE2DE-64A2-4734-94E5-0BA249A5657E}.Debug|Any CPU.ActiveCfg = Debug|Any CPU
		{1ECFE2DE-64A2-4734-94E5-0BA249A5657E}.Debug|Any CPU.Build.0 = Debug|Any CPU
		{1ECFE2DE-64A2-4734-94E5-0BA249A5657E}.Release|Any CPU.ActiveCfg = Release|Any CPU
		{1ECFE2DE-64A2-4734-94E5-0BA249A5657E}.Release|Any CPU.Build.0 = Release|Any CPU
	EndGlobalSection
	GlobalSection(SolutionProperties) = preSolution
		HideSolutionNode = FALSE
	EndGlobalSection
	GlobalSection(ExtensibilityGlobals) = postSolution
		SolutionGuid = {95CC141E-6D98-48CA-99AA-5A291AE0F77A}
	EndGlobalSection
EndGlobal
